
Microsoft Visual Studio Solution File, Format Version 12.00
# Visual Studio 2013
VisualStudioVersion = 12.0.40629.0
MinimumVisualStudioVersion = 10.0.40219.1
Project("{FAE04EC0-301F-11D3-BF4B-00C04F79EFBC}") = "UtilityTools", "UtilityTools\UtilityTools.csproj", "{820BE929-41A4-4E78-8AD5-16CA73346B1B}"
EndProject
Project("{2150E333-8FDC-42A3-9474-1A3956D46DE8}") = "Quartz", "Quartz", "{F4558E3D-DF2C-4542-B5C0-BD862781EAA1}"
EndProject
Project("{FAE04EC0-301F-11D3-BF4B-00C04F79EFBC}") = "Quartz", "Quartz\Quartz.csproj", "{BBFDBE61-60D3-4EB5-9580-E9DB10526B28}"
EndProject
Global
	GlobalSection(SolutionConfigurationPlatforms) = preSolution
		Debug|Any CPU = Debug|Any CPU
		Release|Any CPU = Release|Any CPU
	EndGlobalSection
	GlobalSection(ProjectConfigurationPlatforms) = postSolution
		{820BE929-41A4-4E78-8AD5-16CA73346B1B}.Debug|Any CPU.ActiveCfg = Debug|Any CPU
		{820BE929-41A4-4E78-8AD5-16CA73346B1B}.Debug|Any CPU.Build.0 = Debug|Any CPU
		{820BE929-41A4-4E78-8AD5-16CA73346B1B}.Release|Any CPU.ActiveCfg = Release|Any CPU
		{820BE929-41A4-4E78-8AD5-16CA73346B1B}.Release|Any CPU.Build.0 = Release|Any CPU
		{BBFDBE61-60D3-4EB5-9580-E9DB10526B28}.Debug|Any CPU.ActiveCfg = Debug|Any CPU
		{BBFDBE61-60D3-4EB5-9580-E9DB10526B28}.Debug|Any CPU.Build.0 = Debug|Any CPU
		{BBFDBE61-60D3-4EB5-9580-E9DB10526B28}.Release|Any CPU.ActiveCfg = Release|Any CPU
		{BBFDBE61-60D3-4EB5-9580-E9DB10526B28}.Release|Any CPU.Build.0 = Release|Any CPU
	EndGlobalSection
	GlobalSection(SolutionProperties) = preSolution
		HideSolutionNode = FALSE
	EndGlobalSection
	GlobalSection(NestedProjects) = preSolution
		{BBFDBE61-60D3-4EB5-9580-E9DB10526B28} = {F4558E3D-DF2C-4542-B5C0-BD862781EAA1}
	EndGlobalSection
EndGlobal
